
Microsoft Visual Studio Solution File, Format Version 12.00
# Visual Studio 2013
VisualStudioVersion = 12.0.31101.0
MinimumVisualStudioVersion = 10.0.40219.1
Project("{FAE04EC0-301F-11D3-BF4B-00C04F79EFBC}") = "Folke.Orm", "Folke.Orm\Folke.Orm.csproj", "{1589542C-1A8B-4DB6-A08A-7E446327C5C9}"
EndProject
Project("{FAE04EC0-301F-11D3-BF4B-00C04F79EFBC}") = "Folke.Orm.Test", "Folke.Orm.Test\Folke.Orm.Test.csproj", "{8E8BF259-56EA-4593-B138-4AFC8CA49583}"
EndProject
Project("{FAE04EC0-301F-11D3-BF4B-00C04F79EFBC}") = "Folke.Orm.Mysql", "Folke.Orm.Mysql\Folke.Orm.Mysql.csproj", "{B4948C9D-975D-43C0-8569-D7DD56793125}"
EndProject
Project("{FAE04EC0-301F-11D3-BF4B-00C04F79EFBC}") = "Folke.Orm.Mysql.Test", "Folke.Orm.Mysql.Test\Folke.Orm.Mysql.Test.csproj", "{5081B5FE-A2B0-4588-AD0F-CD1525C3A0BF}"
EndProject
Project("{FAE04EC0-301F-11D3-BF4B-00C04F79EFBC}") = "Folke.Orm.Sqlite", "Folke.Orm.Sqlite\Folke.Orm.Sqlite.csproj", "{41FB8FD2-98F0-422F-9181-9B5A3A71F93A}"
EndProject
Project("{FAE04EC0-301F-11D3-BF4B-00C04F79EFBC}") = "Folke.Orm.Sqlite.Test", "Folke.Orm.Sqlite.Test\Folke.Orm.Sqlite.Test.csproj", "{D17744E8-259D-470F-9E5B-6780A11F324E}"
EndProject
Global
	GlobalSection(SolutionConfigurationPlatforms) = preSolution
		Debug|Any CPU = Debug|Any CPU
		Release|Any CPU = Release|Any CPU
	EndGlobalSection
	GlobalSection(ProjectConfigurationPlatforms) = postSolution
		{1589542C-1A8B-4DB6-A08A-7E446327C5C9}.Debug|Any CPU.ActiveCfg = Debug|Any CPU
		{1589542C-1A8B-4DB6-A08A-7E446327C5C9}.Debug|Any CPU.Build.0 = Debug|Any CPU
		{1589542C-1A8B-4DB6-A08A-7E446327C5C9}.Release|Any CPU.ActiveCfg = Release|Any CPU
		{1589542C-1A8B-4DB6-A08A-7E446327C5C9}.Release|Any CPU.Build.0 = Release|Any CPU
		{8E8BF259-56EA-4593-B138-4AFC8CA49583}.Debug|Any CPU.ActiveCfg = Debug|Any CPU
		{8E8BF259-56EA-4593-B138-4AFC8CA49583}.Debug|Any CPU.Build.0 = Debug|Any CPU
		{8E8BF259-56EA-4593-B138-4AFC8CA49583}.Release|Any CPU.ActiveCfg = Release|Any CPU
		{8E8BF259-56EA-4593-B138-4AFC8CA49583}.Release|Any CPU.Build.0 = Release|Any CPU
		{B4948C9D-975D-43C0-8569-D7DD56793125}.Debug|Any CPU.ActiveCfg = Debug|Any CPU
		{B4948C9D-975D-43C0-8569-D7DD56793125}.Debug|Any CPU.Build.0 = Debug|Any CPU
		{B4948C9D-975D-43C0-8569-D7DD56793125}.Release|Any CPU.ActiveCfg = Release|Any CPU
		{B4948C9D-975D-43C0-8569-D7DD56793125}.Release|Any CPU.Build.0 = Release|Any CPU
		{5081B5FE-A2B0-4588-AD0F-CD1525C3A0BF}.Debug|Any CPU.ActiveCfg = Debug|Any CPU
		{5081B5FE-A2B0-4588-AD0F-CD1525C3A0BF}.Debug|Any CPU.Build.0 = Debug|Any CPU
		{5081B5FE-A2B0-4588-AD0F-CD1525C3A0BF}.Release|Any CPU.ActiveCfg = Release|Any CPU
		{5081B5FE-A2B0-4588-AD0F-CD1525C3A0BF}.Release|Any CPU.Build.0 = Release|Any CPU
		{41FB8FD2-98F0-422F-9181-9B5A3A71F93A}.Debug|Any CPU.ActiveCfg = Debug|Any CPU
		{41FB8FD2-98F0-422F-9181-9B5A3A71F93A}.Debug|Any CPU.Build.0 = Debug|Any CPU
		{41FB8FD2-98F0-422F-9181-9B5A3A71F93A}.Release|Any CPU.ActiveCfg = Release|Any CPU
		{41FB8FD2-98F0-422F-9181-9B5A3A71F93A}.Release|Any CPU.Build.0 = Release|Any CPU
		{D17744E8-259D-470F-9E5B-6780A11F324E}.Debug|Any CPU.ActiveCfg = Debug|Any CPU
		{D17744E8-259D-470F-9E5B-6780A11F324E}.Debug|Any CPU.Build.0 = Debug|Any CPU
		{D17744E8-259D-470F-9E5B-6780A11F324E}.Release|Any CPU.ActiveCfg = Release|Any CPU
		{D17744E8-259D-470F-9E5B-6780A11F324E}.Release|Any CPU.Build.0 = Release|Any CPU
	EndGlobalSection
	GlobalSection(SolutionProperties) = preSolution
		HideSolutionNode = FALSE
	EndGlobalSection
EndGlobal
